
Microsoft Visual Studio Solution File, Format Version 12.00
# Visual Studio 15
VisualStudioVersion = 15.0.28307.271
MinimumVisualStudioVersion = 10.0.40219.1
Project("{FAE04EC0-301F-11D3-BF4B-00C04F79EFBC}") = "GittigidiyorBDD", "GittigidiyorBDD\GittigidiyorBDD.csproj", "{ACCA9773-A74D-4EE4-9B80-B1F06ECE02CD}"
EndProject
Global
	GlobalSection(SolutionConfigurationPlatforms) = preSolution
		Debug|Any CPU = Debug|Any CPU
		Release|Any CPU = Release|Any CPU
	EndGlobalSection
	GlobalSection(ProjectConfigurationPlatforms) = postSolution
		{ACCA9773-A74D-4EE4-9B80-B1F06ECE02CD}.Debug|Any CPU.ActiveCfg = Debug|Any CPU
		{ACCA9773-A74D-4EE4-9B80-B1F06ECE02CD}.Debug|Any CPU.Build.0 = Debug|Any CPU
		{ACCA9773-A74D-4EE4-9B80-B1F06ECE02CD}.Release|Any CPU.ActiveCfg = Release|Any CPU
		{ACCA9773-A74D-4EE4-9B80-B1F06ECE02CD}.Release|Any CPU.Build.0 = Release|Any CPU
	EndGlobalSection
	GlobalSection(SolutionProperties) = preSolution
		HideSolutionNode = FALSE
	EndGlobalSection
	GlobalSection(ExtensibilityGlobals) = postSolution
		SolutionGuid = {2462CA0A-4635-45A5-B324-904A96B54819}
	EndGlobalSection
EndGlobal
